// !$*UTF8*$!
{
	archiveVersion = 1;
	classes = {
	};
	objectVersion = 46;
	objects = {

/* Begin PBXBuildFile section */
		C91512AD166067D800295189 /* JAClockSettingsViewController.m in Sources */ = {isa = PBXBuildFile; fileRef = C91512AB166067D800295189 /* JAClockSettingsViewController.m */; };
		C91512AE166067D800295189 /* JAClockSettingsViewController.xib in Resources */ = {isa = PBXBuildFile; fileRef = C91512AC166067D800295189 /* JAClockSettingsViewController.xib */; };
		C91F88441658493F004F0943 /* AlarmClockIcon3_114.png in Resources */ = {isa = PBXBuildFile; fileRef = C91F88421658493F004F0943 /* AlarmClockIcon3_114.png */; };
		C91F88451658493F004F0943 /* AlarmClockIcon3_57.png in Resources */ = {isa = PBXBuildFile; fileRef = C91F88431658493F004F0943 /* AlarmClockIcon3_57.png */; };
		C9284971165331A500B4CF8E /* SwipeView.m in Sources */ = {isa = PBXBuildFile; fileRef = C9284970165331A500B4CF8E /* SwipeView.m */; };
		C928497416533B7700B4CF8E /* JAAlarm.m in Sources */ = {isa = PBXBuildFile; fileRef = C928497316533B7700B4CF8E /* JAAlarm.m */; };
		C9284992165341CD00B4CF8E /* JAAlarmListViewController.m in Sources */ = {isa = PBXBuildFile; fileRef = C9284991165341CD00B4CF8E /* JAAlarmListViewController.m */; };
		C92849961653422A00B4CF8E /* JAAlarmSettingsController.m in Sources */ = {isa = PBXBuildFile; fileRef = C92849941653422A00B4CF8E /* JAAlarmSettingsController.m */; };
		C92EEFEC16629BF100274FBB /* rowBG.png in Resources */ = {isa = PBXBuildFile; fileRef = C92EEFEA16629BF100274FBB /* rowBG.png */; };
		C92EEFED16629BF100274FBB /* rowBG@2x.png in Resources */ = {isa = PBXBuildFile; fileRef = C92EEFEB16629BF100274FBB /* rowBG@2x.png */; };
		C92EEFF016629D4B00274FBB /* alarmRowBG.png in Resources */ = {isa = PBXBuildFile; fileRef = C92EEFEE16629D4B00274FBB /* alarmRowBG.png */; };
		C92EEFF116629D4B00274FBB /* alarmRowBG@2x.png in Resources */ = {isa = PBXBuildFile; fileRef = C92EEFEF16629D4B00274FBB /* alarmRowBG@2x.png */; };
		C92EEFF71662A34000274FBB /* Air Raid_cut.wav in Resources */ = {isa = PBXBuildFile; fileRef = C92EEFF61662A34000274FBB /* Air Raid_cut.wav */; };
		C92EEFFA1662A36900274FBB /* Background__Alarm__cut.wav in Resources */ = {isa = PBXBuildFile; fileRef = C92EEFF91662A36900274FBB /* Background__Alarm__cut.wav */; };
		C92EF0041662A46800274FBB /* Techy_cut.wav in Resources */ = {isa = PBXBuildFile; fileRef = C92EEFFB1662A46800274FBB /* Techy_cut.wav */; };
		C92EF0051662A46800274FBB /* Submarine_cut.wav in Resources */ = {isa = PBXBuildFile; fileRef = C92EEFFC1662A46800274FBB /* Submarine_cut.wav */; };
		C92EF0061662A46800274FBB /* Spaceship_cut.wav in Resources */ = {isa = PBXBuildFile; fileRef = C92EEFFD1662A46800274FBB /* Spaceship_cut.wav */; };
		C92EF0071662A46800274FBB /* Siren_cut.wav in Resources */ = {isa = PBXBuildFile; fileRef = C92EEFFE1662A46800274FBB /* Siren_cut.wav */; };
		C92EF0081662A46800274FBB /* School Bell_cut.wav in Resources */ = {isa = PBXBuildFile; fileRef = C92EEFFF1662A46800274FBB /* School Bell_cut.wav */; };
		C92EF0091662A46800274FBB /* Old School Clock_cut.wav in Resources */ = {isa = PBXBuildFile; fileRef = C92EF0001662A46800274FBB /* Old School Clock_cut.wav */; };
		C92EF00A1662A46800274FBB /* Church Bell_cut.wav in Resources */ = {isa = PBXBuildFile; fileRef = C92EF0011662A46800274FBB /* Church Bell_cut.wav */; };
		C92EF00B1662A46800274FBB /* Burglar Alarm_cut.wav in Resources */ = {isa = PBXBuildFile; fileRef = C92EF0021662A46800274FBB /* Burglar Alarm_cut.wav */; };
		C92EF00C1662A46800274FBB /* British Ambulance_cut.wav in Resources */ = {isa = PBXBuildFile; fileRef = C92EF0031662A46800274FBB /* British Ambulance_cut.wav */; };
		C9349E16165A85D40058D6EB /* ClockManager.m in Sources */ = {isa = PBXBuildFile; fileRef = C9349E15165A85D40058D6EB /* ClockManager.m */; };
		C93A02271666DAE800E1A273 /* playButton.png in Resources */ = {isa = PBXBuildFile; fileRef = C93A02231666DAE800E1A273 /* playButton.png */; };
		C93A02281666DAE800E1A273 /* stopButton.png in Resources */ = {isa = PBXBuildFile; fileRef = C93A02241666DAE800E1A273 /* stopButton.png */; };
		C93A02291666DAE800E1A273 /* stopButton@2x.png in Resources */ = {isa = PBXBuildFile; fileRef = C93A02251666DAE800E1A273 /* stopButton@2x.png */; };
		C93A022A1666DAE800E1A273 /* playButton@2x.png in Resources */ = {isa = PBXBuildFile; fileRef = C93A02261666DAE800E1A273 /* playButton@2x.png */; };
		C93AC1281665B1F70065798B /* plus.png in Resources */ = {isa = PBXBuildFile; fileRef = C93AC1271665B1F70065798B /* plus.png */; };
		C93AC1331665BD1F0065798B /* AssetsLibrary.framework in Frameworks */ = {isa = PBXBuildFile; fileRef = C93AC1321665BD1F0065798B /* AssetsLibrary.framework */; };
		C95BDD90165D711D005AEEFC /* BlackBG.png in Resources */ = {isa = PBXBuildFile; fileRef = C95BDD8F165D711D005AEEFC /* BlackBG.png */; };
		C95BDD95165DBFDA005AEEFC /* JARepeatTableViewController.m in Sources */ = {isa = PBXBuildFile; fileRef = C95BDD94165DBFDA005AEEFC /* JARepeatTableViewController.m */; };
		C95BDD9B165E7F86005AEEFC /* MediaPlayer.framework in Frameworks */ = {isa = PBXBuildFile; fileRef = C95BDD9A165E7F85005AEEFC /* MediaPlayer.framework */; };
		C96BCE95166510AA0002450C /* BlackBG@2x.png in Resources */ = {isa = PBXBuildFile; fileRef = C96BCE92166510AA0002450C /* BlackBG@2x.png */; };
		C96BCE96166510AA0002450C /* chalkboard@2x.png in Resources */ = {isa = PBXBuildFile; fileRef = C96BCE93166510AA0002450C /* chalkboard@2x.png */; };
		C96BCE97166510AA0002450C /* beach@2x.png in Resources */ = {isa = PBXBuildFile; fileRef = C96BCE94166510AA0002450C /* beach@2x.png */; };
		C98895B81657EEAE0072EC6E /* JASoundSelectorTableViewController.m in Sources */ = {isa = PBXBuildFile; fileRef = C98895B71657EEAE0072EC6E /* JASoundSelectorTableViewController.m */; };
		C98895CC1657F4B10072EC6E /* soundsList.plist in Resources */ = {isa = PBXBuildFile; fileRef = C98895C81657F4B10072EC6E /* soundsList.plist */; };
		C98895CF1657F7950072EC6E /* JASound.m in Sources */ = {isa = PBXBuildFile; fileRef = C98895CE1657F7950072EC6E /* JASound.m */; };
		C98895E01657FC910072EC6E /* AudioToolbox.framework in Frameworks */ = {isa = PBXBuildFile; fileRef = C98895DE1657FC910072EC6E /* AudioToolbox.framework */; };
		C98895E11657FC910072EC6E /* CoreAudio.framework in Frameworks */ = {isa = PBXBuildFile; fileRef = C98895DF1657FC910072EC6E /* CoreAudio.framework */; };
		C98895E31657FCB90072EC6E /* OpenGLES.framework in Frameworks */ = {isa = PBXBuildFile; fileRef = C98895E21657FCB90072EC6E /* OpenGLES.framework */; };
		C98895E51657FCC70072EC6E /* QuartzCore.framework in Frameworks */ = {isa = PBXBuildFile; fileRef = C98895E41657FCC70072EC6E /* QuartzCore.framework */; };
		C9889619165804F20072EC6E /* VoiceRecordViewController.m in Sources */ = {isa = PBXBuildFile; fileRef = C9889618165804F20072EC6E /* VoiceRecordViewController.m */; settings = {COMPILER_FLAGS = "-fno-objc-arc"; }; };
		C988961B165805250072EC6E /* AVFoundation.framework in Frameworks */ = {isa = PBXBuildFile; fileRef = C988961A165805250072EC6E /* AVFoundation.framework */; };
		C988961D1658056E0072EC6E /* VoiceRecordViewController.xib in Resources */ = {isa = PBXBuildFile; fileRef = C988961C1658056E0072EC6E /* VoiceRecordViewController.xib */; };
		C99DF1311662D0620085E55D /* Beach.wav in Resources */ = {isa = PBXBuildFile; fileRef = C99DF1261662D0620085E55D /* Beach.wav */; };
		C9A0E4591654A4DA000BB045 /* AlarmClockIcon57.png in Resources */ = {isa = PBXBuildFile; fileRef = C9A0E4571654A4DA000BB045 /* AlarmClockIcon57.png */; };
		C9A0E45A1654A4DA000BB045 /* AlarmClockIcon114.png in Resources */ = {isa = PBXBuildFile; fileRef = C9A0E4581654A4DA000BB045 /* AlarmClockIcon114.png */; };
		C9A0E45C1654A4E9000BB045 /* AlarmClockIcon57.png in Resources */ = {isa = PBXBuildFile; fileRef = C9A0E45B1654A4E9000BB045 /* AlarmClockIcon57.png */; };
		C9A0E45E1654A4EE000BB045 /* AlarmClockIcon114.png in Resources */ = {isa = PBXBuildFile; fileRef = C9A0E45D1654A4EE000BB045 /* AlarmClockIcon114.png */; };
		C9A2BBF6165F19D500F09634 /* JASettings.m in Sources */ = {isa = PBXBuildFile; fileRef = C9A2BBF5165F19D500F09634 /* JASettings.m */; };
		C9A2BBFB165F235A00F09634 /* JABackgroundPickerViewController.m in Sources */ = {isa = PBXBuildFile; fileRef = C9A2BBF9165F235A00F09634 /* JABackgroundPickerViewController.m */; };
		C9A2BBFC165F235A00F09634 /* JABackgroundPickerViewController.xib in Resources */ = {isa = PBXBuildFile; fileRef = C9A2BBFA165F235A00F09634 /* JABackgroundPickerViewController.xib */; };
		C9A2BBFF165F26A800F09634 /* backgroundsList.plist in Resources */ = {isa = PBXBuildFile; fileRef = C9A2BBFE165F26A800F09634 /* backgroundsList.plist */; };
		C9A2BC02165F27E600F09634 /* beach.png in Resources */ = {isa = PBXBuildFile; fileRef = C9A2BC00165F27E600F09634 /* beach.png */; };
		C9A2BC03165F27E600F09634 /* chalkboard.png in Resources */ = {isa = PBXBuildFile; fileRef = C9A2BC01165F27E600F09634 /* chalkboard.png */; };
		C9E6404716528B7500A388C6 /* UIKit.framework in Frameworks */ = {isa = PBXBuildFile; fileRef = C9E6404616528B7500A388C6 /* UIKit.framework */; };
		C9E6404916528B7500A388C6 /* Foundation.framework in Frameworks */ = {isa = PBXBuildFile; fileRef = C9E6404816528B7500A388C6 /* Foundation.framework */; };
		C9E6404B16528B7500A388C6 /* CoreGraphics.framework in Frameworks */ = {isa = PBXBuildFile; fileRef = C9E6404A16528B7500A388C6 /* CoreGraphics.framework */; };
		C9E6405116528B7500A388C6 /* InfoPlist.strings in Resources */ = {isa = PBXBuildFile; fileRef = C9E6404F16528B7500A388C6 /* InfoPlist.strings */; };
		C9E6405316528B7500A388C6 /* main.m in Sources */ = {isa = PBXBuildFile; fileRef = C9E6405216528B7500A388C6 /* main.m */; };
		C9E6405716528B7500A388C6 /* JAAppDelegate.m in Sources */ = {isa = PBXBuildFile; fileRef = C9E6405616528B7500A388C6 /* JAAppDelegate.m */; };
		C9E6405916528B7500A388C6 /* Default.png in Resources */ = {isa = PBXBuildFile; fileRef = C9E6405816528B7500A388C6 /* Default.png */; };
		C9E6405B16528B7500A388C6 /* Default@2x.png in Resources */ = {isa = PBXBuildFile; fileRef = C9E6405A16528B7500A388C6 /* Default@2x.png */; };
		C9E6405D16528B7500A388C6 /* Default-568h@2x.png in Resources */ = {isa = PBXBuildFile; fileRef = C9E6405C16528B7500A388C6 /* Default-568h@2x.png */; };
		C9E6406016528B7500A388C6 /* JAViewController.m in Sources */ = {isa = PBXBuildFile; fileRef = C9E6405F16528B7500A388C6 /* JAViewController.m */; };
		C9E6406316528B7500A388C6 /* JAViewController.xib in Resources */ = {isa = PBXBuildFile; fileRef = C9E6406116528B7500A388C6 /* JAViewController.xib */; };
		C9E6407516528C3300A388C6 /* MKWeatherErrorView.m in Sources */ = {isa = PBXBuildFile; fileRef = C9E6406D16528C3300A388C6 /* MKWeatherErrorView.m */; settings = {COMPILER_FLAGS = "-fno-objc-arc"; }; };
		C9E6407616528C3300A388C6 /* MKWeatherLoadingView.m in Sources */ = {isa = PBXBuildFile; fileRef = C9E6406F16528C3300A388C6 /* MKWeatherLoadingView.m */; settings = {COMPILER_FLAGS = "-fno-objc-arc"; }; };
		C9E6407716528C3300A388C6 /* MKWeatherRequest.m in Sources */ = {isa = PBXBuildFile; fileRef = C9E6407116528C3300A388C6 /* MKWeatherRequest.m */; settings = {COMPILER_FLAGS = "-fno-objc-arc"; }; };
		C9E641921652966F00A388C6 /* MKClock.m in Sources */ = {isa = PBXBuildFile; fileRef = C9E6418F1652966F00A388C6 /* MKClock.m */; settings = {COMPILER_FLAGS = "-fno-objc-arc"; }; };
		C9E641931652966F00A388C6 /* MKObject.m in Sources */ = {isa = PBXBuildFile; fileRef = C9E641911652966F00A388C6 /* MKObject.m */; settings = {COMPILER_FLAGS = "-fno-objc-arc"; }; };
		C9E6419B1652AC9400A388C6 /* CoreLocation.framework in Frameworks */ = {isa = PBXBuildFile; fileRef = C9E6419A1652AC9400A388C6 /* CoreLocation.framework */; };
/* End PBXBuildFile section */

/* Begin PBXFileReference section */
		C91512AA166067D800295189 /* JAClockSettingsViewController.h */ = {isa = PBXFileReference; fileEncoding = 4; lastKnownFileType = sourcecode.c.h; name = JAClockSettingsViewController.h; path = Classes/JAClockSettingsViewController.h; sourceTree = "<group>"; };
		C91512AB166067D800295189 /* JAClockSettingsViewController.m */ = {isa = PBXFileReference; fileEncoding = 4; lastKnownFileType = sourcecode.c.objc; name = JAClockSettingsViewController.m; path = Classes/JAClockSettingsViewController.m; sourceTree = "<group>"; };
		C91512AC166067D800295189 /* JAClockSettingsViewController.xib */ = {isa = PBXFileReference; fileEncoding = 4; lastKnownFileType = file.xib; name = JAClockSettingsViewController.xib; path = Classes/JAClockSettingsViewController.xib; sourceTree = "<group>"; };
		C91F88421658493F004F0943 /* AlarmClockIcon3_114.png */ = {isa = PBXFileReference; lastKnownFileType = image.png; path = AlarmClockIcon3_114.png; sourceTree = "<group>"; };
		C91F88431658493F004F0943 /* AlarmClockIcon3_57.png */ = {isa = PBXFileReference; lastKnownFileType = image.png; path = AlarmClockIcon3_57.png; sourceTree = "<group>"; };
		C928496F165331A500B4CF8E /* SwipeView.h */ = {isa = PBXFileReference; fileEncoding = 4; lastKnownFileType = sourcecode.c.h; path = SwipeView.h; sourceTree = "<group>"; };
		C9284970165331A500B4CF8E /* SwipeView.m */ = {isa = PBXFileReference; fileEncoding = 4; lastKnownFileType = sourcecode.c.objc; path = SwipeView.m; sourceTree = "<group>"; };
		C928497216533B7700B4CF8E /* JAAlarm.h */ = {isa = PBXFileReference; fileEncoding = 4; lastKnownFileType = sourcecode.c.h; name = JAAlarm.h; path = Classes/Models/JAAlarm.h; sourceTree = "<group>"; };
		C928497316533B7700B4CF8E /* JAAlarm.m */ = {isa = PBXFileReference; fileEncoding = 4; lastKnownFileType = sourcecode.c.objc; name = JAAlarm.m; path = Classes/Models/JAAlarm.m; sourceTree = "<group>"; };
		C9284990165341CD00B4CF8E /* JAAlarmListViewController.h */ = {isa = PBXFileReference; fileEncoding = 4; lastKnownFileType = sourcecode.c.h; name = JAAlarmListViewController.h; path = Classes/JAAlarmListViewController.h; sourceTree = "<group>"; };
		C9284991165341CD00B4CF8E /* JAAlarmListViewController.m */ = {isa = PBXFileReference; fileEncoding = 4; lastKnownFileType = sourcecode.c.objc; name = JAAlarmListViewController.m; path = Classes/JAAlarmListViewController.m; sourceTree = "<group>"; };
		C92849931653422A00B4CF8E /* JAAlarmSettingsController.h */ = {isa = PBXFileReference; fileEncoding = 4; lastKnownFileType = sourcecode.c.h; name = JAAlarmSettingsController.h; path = Classes/JAAlarmSettingsController.h; sourceTree = "<group>"; };
		C92849941653422A00B4CF8E /* JAAlarmSettingsController.m */ = {isa = PBXFileReference; fileEncoding = 4; lastKnownFileType = sourcecode.c.objc; name = JAAlarmSettingsController.m; path = Classes/JAAlarmSettingsController.m; sourceTree = "<group>"; };
		C92EEFEA16629BF100274FBB /* rowBG.png */ = {isa = PBXFileReference; lastKnownFileType = image.png; name = rowBG.png; path = Images/rowBG.png; sourceTree = "<group>"; };
		C92EEFEB16629BF100274FBB /* rowBG@2x.png */ = {isa = PBXFileReference; lastKnownFileType = image.png; name = "rowBG@2x.png"; path = "Images/rowBG@2x.png"; sourceTree = "<group>"; };
		C92EEFEE16629D4B00274FBB /* alarmRowBG.png */ = {isa = PBXFileReference; lastKnownFileType = image.png; name = alarmRowBG.png; path = Images/alarmRowBG.png; sourceTree = "<group>"; };
		C92EEFEF16629D4B00274FBB /* alarmRowBG@2x.png */ = {isa = PBXFileReference; lastKnownFileType = image.png; name = "alarmRowBG@2x.png"; path = "Images/alarmRowBG@2x.png"; sourceTree = "<group>"; };
		C92EEFF61662A34000274FBB /* Air Raid_cut.wav */ = {isa = PBXFileReference; lastKnownFileType = audio.wav; name = "Air Raid_cut.wav"; path = "Sounds/Air Raid_cut.wav"; sourceTree = "<group>"; };
		C92EEFF91662A36900274FBB /* Background__Alarm__cut.wav */ = {isa = PBXFileReference; lastKnownFileType = audio.wav; name = Background__Alarm__cut.wav; path = Sounds/Background__Alarm__cut.wav; sourceTree = "<group>"; };
		C92EEFFB1662A46800274FBB /* Techy_cut.wav */ = {isa = PBXFileReference; lastKnownFileType = audio.wav; name = Techy_cut.wav; path = Sounds/Techy_cut.wav; sourceTree = "<group>"; };
		C92EEFFC1662A46800274FBB /* Submarine_cut.wav */ = {isa = PBXFileReference; lastKnownFileType = audio.wav; name = Submarine_cut.wav; path = Sounds/Submarine_cut.wav; sourceTree = "<group>"; };
		C92EEFFD1662A46800274FBB /* Spaceship_cut.wav */ = {isa = PBXFileReference; lastKnownFileType = audio.wav; name = Spaceship_cut.wav; path = Sounds/Spaceship_cut.wav; sourceTree = "<group>"; };
		C92EEFFE1662A46800274FBB /* Siren_cut.wav */ = {isa = PBXFileReference; lastKnownFileType = audio.wav; name = Siren_cut.wav; path = Sounds/Siren_cut.wav; sourceTree = "<group>"; };
		C92EEFFF1662A46800274FBB /* School Bell_cut.wav */ = {isa = PBXFileReference; lastKnownFileType = audio.wav; name = "School Bell_cut.wav"; path = "Sounds/School Bell_cut.wav"; sourceTree = "<group>"; };
		C92EF0001662A46800274FBB /* Old School Clock_cut.wav */ = {isa = PBXFileReference; lastKnownFileType = audio.wav; name = "Old School Clock_cut.wav"; path = "Sounds/Old School Clock_cut.wav"; sourceTree = "<group>"; };
		C92EF0011662A46800274FBB /* Church Bell_cut.wav */ = {isa = PBXFileReference; lastKnownFileType = audio.wav; name = "Church Bell_cut.wav"; path = "Sounds/Church Bell_cut.wav"; sourceTree = "<group>"; };
		C92EF0021662A46800274FBB /* Burglar Alarm_cut.wav */ = {isa = PBXFileReference; lastKnownFileType = audio.wav; name = "Burglar Alarm_cut.wav"; path = "Sounds/Burglar Alarm_cut.wav"; sourceTree = "<group>"; };
		C92EF0031662A46800274FBB /* British Ambulance_cut.wav */ = {isa = PBXFileReference; lastKnownFileType = audio.wav; name = "British Ambulance_cut.wav"; path = "Sounds/British Ambulance_cut.wav"; sourceTree = "<group>"; };
		C9349E14165A85D40058D6EB /* ClockManager.h */ = {isa = PBXFileReference; fileEncoding = 4; lastKnownFileType = sourcecode.c.h; name = ClockManager.h; path = Classes/ClockManager.h; sourceTree = "<group>"; };
		C9349E15165A85D40058D6EB /* ClockManager.m */ = {isa = PBXFileReference; fileEncoding = 4; lastKnownFileType = sourcecode.c.objc; name = ClockManager.m; path = Classes/ClockManager.m; sourceTree = "<group>"; };
		C93A02231666DAE800E1A273 /* playButton.png */ = {isa = PBXFileReference; lastKnownFileType = image.png; path = playButton.png; sourceTree = "<group>"; };
		C93A02241666DAE800E1A273 /* stopButton.png */ = {isa = PBXFileReference; lastKnownFileType = image.png; path = stopButton.png; sourceTree = "<group>"; };
		C93A02251666DAE800E1A273 /* stopButton@2x.png */ = {isa = PBXFileReference; lastKnownFileType = image.png; path = "stopButton@2x.png"; sourceTree = "<group>"; };
		C93A02261666DAE800E1A273 /* playButton@2x.png */ = {isa = PBXFileReference; lastKnownFileType = image.png; path = "playButton@2x.png"; sourceTree = "<group>"; };
		C93AC1271665B1F70065798B /* plus.png */ = {isa = PBXFileReference; lastKnownFileType = image.png; name = plus.png; path = Images/plus.png; sourceTree = "<group>"; };
		C93AC1321665BD1F0065798B /* AssetsLibrary.framework */ = {isa = PBXFileReference; lastKnownFileType = wrapper.framework; name = AssetsLibrary.framework; path = System/Library/Frameworks/AssetsLibrary.framework; sourceTree = SDKROOT; };
		C95BDD8F165D711D005AEEFC /* BlackBG.png */ = {isa = PBXFileReference; lastKnownFileType = image.png; name = BlackBG.png; path = Images/BlackBG.png; sourceTree = "<group>"; };
		C95BDD93165DBFDA005AEEFC /* JARepeatTableViewController.h */ = {isa = PBXFileReference; fileEncoding = 4; lastKnownFileType = sourcecode.c.h; name = JARepeatTableViewController.h; path = Classes/JARepeatTableViewController.h; sourceTree = "<group>"; };
		C95BDD94165DBFDA005AEEFC /* JARepeatTableViewController.m */ = {isa = PBXFileReference; fileEncoding = 4; lastKnownFileType = sourcecode.c.objc; name = JARepeatTableViewController.m; path = Classes/JARepeatTableViewController.m; sourceTree = "<group>"; };
		C95BDD9A165E7F85005AEEFC /* MediaPlayer.framework */ = {isa = PBXFileReference; lastKnownFileType = wrapper.framework; name = MediaPlayer.framework; path = System/Library/Frameworks/MediaPlayer.framework; sourceTree = SDKROOT; };
		C96BCE92166510AA0002450C /* BlackBG@2x.png */ = {isa = PBXFileReference; lastKnownFileType = image.png; name = "BlackBG@2x.png"; path = "Images/BlackBG@2x.png"; sourceTree = "<group>"; };
		C96BCE93166510AA0002450C /* chalkboard@2x.png */ = {isa = PBXFileReference; lastKnownFileType = image.png; name = "chalkboard@2x.png"; path = "Images/chalkboard@2x.png"; sourceTree = "<group>"; };
		C96BCE94166510AA0002450C /* beach@2x.png */ = {isa = PBXFileReference; lastKnownFileType = image.png; name = "beach@2x.png"; path = "Images/beach@2x.png"; sourceTree = "<group>"; };
		C98895B61657EEAE0072EC6E /* JASoundSelectorTableViewController.h */ = {isa = PBXFileReference; fileEncoding = 4; lastKnownFileType = sourcecode.c.h; name = JASoundSelectorTableViewController.h; path = Classes/JASoundSelectorTableViewController.h; sourceTree = "<group>"; };
		C98895B71657EEAE0072EC6E /* JASoundSelectorTableViewController.m */ = {isa = PBXFileReference; fileEncoding = 4; lastKnownFileType = sourcecode.c.objc; name = JASoundSelectorTableViewController.m; path = Classes/JASoundSelectorTableViewController.m; sourceTree = "<group>"; };
		C98895C81657F4B10072EC6E /* soundsList.plist */ = {isa = PBXFileReference; fileEncoding = 4; lastKnownFileType = text.plist.xml; name = soundsList.plist; path = Sounds/soundsList.plist; sourceTree = "<group>"; };
		C98895CD1657F7950072EC6E /* JASound.h */ = {isa = PBXFileReference; fileEncoding = 4; lastKnownFileType = sourcecode.c.h; name = JASound.h; path = Classes/Models/JASound.h; sourceTree = "<group>"; };
		C98895CE1657F7950072EC6E /* JASound.m */ = {isa = PBXFileReference; fileEncoding = 4; lastKnownFileType = sourcecode.c.objc; name = JASound.m; path = Classes/Models/JASound.m; sourceTree = "<group>"; };
		C98895DE1657FC910072EC6E /* AudioToolbox.framework */ = {isa = PBXFileReference; lastKnownFileType = wrapper.framework; name = AudioToolbox.framework; path = System/Library/Frameworks/AudioToolbox.framework; sourceTree = SDKROOT; };
		C98895DF1657FC910072EC6E /* CoreAudio.framework */ = {isa = PBXFileReference; lastKnownFileType = wrapper.framework; name = CoreAudio.framework; path = System/Library/Frameworks/CoreAudio.framework; sourceTree = SDKROOT; };
		C98895E21657FCB90072EC6E /* OpenGLES.framework */ = {isa = PBXFileReference; lastKnownFileType = wrapper.framework; name = OpenGLES.framework; path = System/Library/Frameworks/OpenGLES.framework; sourceTree = SDKROOT; };
		C98895E41657FCC70072EC6E /* QuartzCore.framework */ = {isa = PBXFileReference; lastKnownFileType = wrapper.framework; name = QuartzCore.framework; path = System/Library/Frameworks/QuartzCore.framework; sourceTree = SDKROOT; };
		C9889617165804F20072EC6E /* VoiceRecordViewController.h */ = {isa = PBXFileReference; fileEncoding = 4; lastKnownFileType = sourcecode.c.h; name = VoiceRecordViewController.h; path = Classes/VoiceRecordViewController.h; sourceTree = "<group>"; };
		C9889618165804F20072EC6E /* VoiceRecordViewController.m */ = {isa = PBXFileReference; fileEncoding = 4; lastKnownFileType = sourcecode.c.objc; name = VoiceRecordViewController.m; path = Classes/VoiceRecordViewController.m; sourceTree = "<group>"; };
		C988961A165805250072EC6E /* AVFoundation.framework */ = {isa = PBXFileReference; lastKnownFileType = wrapper.framework; name = AVFoundation.framework; path = System/Library/Frameworks/AVFoundation.framework; sourceTree = SDKROOT; };
		C988961C1658056E0072EC6E /* VoiceRecordViewController.xib */ = {isa = PBXFileReference; fileEncoding = 4; lastKnownFileType = file.xib; name = VoiceRecordViewController.xib; path = Classes/VoiceRecordViewController.xib; sourceTree = "<group>"; };
		C99DF1261662D0620085E55D /* Beach.wav */ = {isa = PBXFileReference; lastKnownFileType = audio.wav; path = Beach.wav; sourceTree = "<group>"; };
		C9A0E4571654A4DA000BB045 /* AlarmClockIcon57.png */ = {isa = PBXFileReference; lastKnownFileType = image.png; path = AlarmClockIcon57.png; sourceTree = "<group>"; };
		C9A0E4581654A4DA000BB045 /* AlarmClockIcon114.png */ = {isa = PBXFileReference; lastKnownFileType = image.png; path = AlarmClockIcon114.png; sourceTree = "<group>"; };
		C9A0E45B1654A4E9000BB045 /* AlarmClockIcon57.png */ = {isa = PBXFileReference; lastKnownFileType = image.png; path = AlarmClockIcon57.png; sourceTree = "<group>"; };
		C9A0E45D1654A4EE000BB045 /* AlarmClockIcon114.png */ = {isa = PBXFileReference; lastKnownFileType = image.png; path = AlarmClockIcon114.png; sourceTree = "<group>"; };
		C9A2BBF4165F19D500F09634 /* JASettings.h */ = {isa = PBXFileReference; fileEncoding = 4; lastKnownFileType = sourcecode.c.h; name = JASettings.h; path = Utilities/JASettings.h; sourceTree = "<group>"; };
		C9A2BBF5165F19D500F09634 /* JASettings.m */ = {isa = PBXFileReference; fileEncoding = 4; lastKnownFileType = sourcecode.c.objc; name = JASettings.m; path = Utilities/JASettings.m; sourceTree = "<group>"; };
		C9A2BBF8165F235A00F09634 /* JABackgroundPickerViewController.h */ = {isa = PBXFileReference; fileEncoding = 4; lastKnownFileType = sourcecode.c.h; name = JABackgroundPickerViewController.h; path = Classes/JABackgroundPickerViewController.h; sourceTree = "<group>"; };
		C9A2BBF9165F235A00F09634 /* JABackgroundPickerViewController.m */ = {isa = PBXFileReference; fileEncoding = 4; lastKnownFileType = sourcecode.c.objc; name = JABackgroundPickerViewController.m; path = Classes/JABackgroundPickerViewController.m; sourceTree = "<group>"; };
		C9A2BBFA165F235A00F09634 /* JABackgroundPickerViewController.xib */ = {isa = PBXFileReference; fileEncoding = 4; lastKnownFileType = file.xib; name = JABackgroundPickerViewController.xib; path = Classes/JABackgroundPickerViewController.xib; sourceTree = "<group>"; };
		C9A2BBFE165F26A800F09634 /* backgroundsList.plist */ = {isa = PBXFileReference; fileEncoding = 4; lastKnownFileType = text.plist.xml; path = backgroundsList.plist; sourceTree = "<group>"; };
		C9A2BC00165F27E600F09634 /* beach.png */ = {isa = PBXFileReference; lastKnownFileType = image.png; name = beach.png; path = Images/beach.png; sourceTree = "<group>"; };
		C9A2BC01165F27E600F09634 /* chalkboard.png */ = {isa = PBXFileReference; lastKnownFileType = image.png; name = chalkboard.png; path = Images/chalkboard.png; sourceTree = "<group>"; };
		C9E6404216528B7500A388C6 /* AlarmClock.app */ = {isa = PBXFileReference; explicitFileType = wrapper.application; includeInIndex = 0; path = AlarmClock.app; sourceTree = BUILT_PRODUCTS_DIR; };
		C9E6404616528B7500A388C6 /* UIKit.framework */ = {isa = PBXFileReference; lastKnownFileType = wrapper.framework; name = UIKit.framework; path = System/Library/Frameworks/UIKit.framework; sourceTree = SDKROOT; };
		C9E6404816528B7500A388C6 /* Foundation.framework */ = {isa = PBXFileReference; lastKnownFileType = wrapper.framework; name = Foundation.framework; path = System/Library/Frameworks/Foundation.framework; sourceTree = SDKROOT; };
		C9E6404A16528B7500A388C6 /* CoreGraphics.framework */ = {isa = PBXFileReference; lastKnownFileType = wrapper.framework; name = CoreGraphics.framework; path = System/Library/Frameworks/CoreGraphics.framework; sourceTree = SDKROOT; };
		C9E6404E16528B7500A388C6 /* AlarmClock-Info.plist */ = {isa = PBXFileReference; lastKnownFileType = text.plist.xml; path = "AlarmClock-Info.plist"; sourceTree = "<group>"; };
		C9E6405016528B7500A388C6 /* en */ = {isa = PBXFileReference; lastKnownFileType = text.plist.strings; name = en; path = en.lproj/InfoPlist.strings; sourceTree = "<group>"; };
		C9E6405216528B7500A388C6 /* main.m */ = {isa = PBXFileReference; lastKnownFileType = sourcecode.c.objc; path = main.m; sourceTree = "<group>"; };
		C9E6405416528B7500A388C6 /* AlarmClock-Prefix.pch */ = {isa = PBXFileReference; lastKnownFileType = sourcecode.c.h; path = "AlarmClock-Prefix.pch"; sourceTree = "<group>"; };
		C9E6405516528B7500A388C6 /* JAAppDelegate.h */ = {isa = PBXFileReference; lastKnownFileType = sourcecode.c.h; path = JAAppDelegate.h; sourceTree = "<group>"; };
		C9E6405616528B7500A388C6 /* JAAppDelegate.m */ = {isa = PBXFileReference; lastKnownFileType = sourcecode.c.objc; path = JAAppDelegate.m; sourceTree = "<group>"; };
		C9E6405816528B7500A388C6 /* Default.png */ = {isa = PBXFileReference; lastKnownFileType = image.png; path = Default.png; sourceTree = "<group>"; };
		C9E6405A16528B7500A388C6 /* Default@2x.png */ = {isa = PBXFileReference; lastKnownFileType = image.png; path = "Default@2x.png"; sourceTree = "<group>"; };
		C9E6405C16528B7500A388C6 /* Default-568h@2x.png */ = {isa = PBXFileReference; lastKnownFileType = image.png; path = "Default-568h@2x.png"; sourceTree = "<group>"; };
		C9E6405E16528B7500A388C6 /* JAViewController.h */ = {isa = PBXFileReference; lastKnownFileType = sourcecode.c.h; path = JAViewController.h; sourceTree = "<group>"; };
		C9E6405F16528B7500A388C6 /* JAViewController.m */ = {isa = PBXFileReference; lastKnownFileType = sourcecode.c.objc; path = JAViewController.m; sourceTree = "<group>"; };
		C9E6406216528B7500A388C6 /* en */ = {isa = PBXFileReference; lastKnownFileType = file.xib; name = en; path = en.lproj/JAViewController.xib; sourceTree = "<group>"; };
		C9E6406C16528C3300A388C6 /* MKWeatherErrorView.h */ = {isa = PBXFileReference; fileEncoding = 4; lastKnownFileType = sourcecode.c.h; name = MKWeatherErrorView.h; path = Classes/MKWeather/MKWeatherErrorView.h; sourceTree = "<group>"; };
		C9E6406D16528C3300A388C6 /* MKWeatherErrorView.m */ = {isa = PBXFileReference; fileEncoding = 4; lastKnownFileType = sourcecode.c.objc; name = MKWeatherErrorView.m; path = Classes/MKWeather/MKWeatherErrorView.m; sourceTree = "<group>"; };
		C9E6406E16528C3300A388C6 /* MKWeatherLoadingView.h */ = {isa = PBXFileReference; fileEncoding = 4; lastKnownFileType = sourcecode.c.h; name = MKWeatherLoadingView.h; path = Classes/MKWeather/MKWeatherLoadingView.h; sourceTree = "<group>"; };
		C9E6406F16528C3300A388C6 /* MKWeatherLoadingView.m */ = {isa = PBXFileReference; fileEncoding = 4; lastKnownFileType = sourcecode.c.objc; name = MKWeatherLoadingView.m; path = Classes/MKWeather/MKWeatherLoadingView.m; sourceTree = "<group>"; };
		C9E6407016528C3300A388C6 /* MKWeatherRequest.h */ = {isa = PBXFileReference; fileEncoding = 4; lastKnownFileType = sourcecode.c.h; name = MKWeatherRequest.h; path = Classes/MKWeather/MKWeatherRequest.h; sourceTree = "<group>"; };
		C9E6407116528C3300A388C6 /* MKWeatherRequest.m */ = {isa = PBXFileReference; fileEncoding = 4; lastKnownFileType = sourcecode.c.objc; name = MKWeatherRequest.m; path = Classes/MKWeather/MKWeatherRequest.m; sourceTree = "<group>"; };
		C9E6407216528C3300A388C6 /* MKWeatherRequestDelegate.h */ = {isa = PBXFileReference; fileEncoding = 4; lastKnownFileType = sourcecode.c.h; name = MKWeatherRequestDelegate.h; path = Classes/MKWeather/MKWeatherRequestDelegate.h; sourceTree = "<group>"; };
		C9E6407316528C3300A388C6 /* MKWeatherRequestErrorCodes.h */ = {isa = PBXFileReference; fileEncoding = 4; lastKnownFileType = sourcecode.c.h; name = MKWeatherRequestErrorCodes.h; path = Classes/MKWeather/MKWeatherRequestErrorCodes.h; sourceTree = "<group>"; };
		C9E6407416528C3300A388C6 /* MKWeatherRequestKeys.h */ = {isa = PBXFileReference; fileEncoding = 4; lastKnownFileType = sourcecode.c.h; name = MKWeatherRequestKeys.h; path = Classes/MKWeather/MKWeatherRequestKeys.h; sourceTree = "<group>"; };
		C9E6418E1652966F00A388C6 /* MKClock.h */ = {isa = PBXFileReference; fileEncoding = 4; lastKnownFileType = sourcecode.c.h; name = MKClock.h; path = Classes/MKKit/MKClock.h; sourceTree = "<group>"; };
		C9E6418F1652966F00A388C6 /* MKClock.m */ = {isa = PBXFileReference; fileEncoding = 4; lastKnownFileType = sourcecode.c.objc; name = MKClock.m; path = Classes/MKKit/MKClock.m; sourceTree = "<group>"; };
		C9E641901652966F00A388C6 /* MKObject.h */ = {isa = PBXFileReference; fileEncoding = 4; lastKnownFileType = sourcecode.c.h; name = MKObject.h; path = Classes/MKKit/MKObject.h; sourceTree = "<group>"; };
		C9E641911652966F00A388C6 /* MKObject.m */ = {isa = PBXFileReference; fileEncoding = 4; lastKnownFileType = sourcecode.c.objc; name = MKObject.m; path = Classes/MKKit/MKObject.m; sourceTree = "<group>"; };
		C9E641941652969800A388C6 /* MKObjectDelegate.h */ = {isa = PBXFileReference; fileEncoding = 4; lastKnownFileType = sourcecode.c.h; name = MKObjectDelegate.h; path = Classes/MKKit/MKObjectDelegate.h; sourceTree = "<group>"; };
		C9E6419A1652AC9400A388C6 /* CoreLocation.framework */ = {isa = PBXFileReference; lastKnownFileType = wrapper.framework; name = CoreLocation.framework; path = System/Library/Frameworks/CoreLocation.framework; sourceTree = SDKROOT; };
/* End PBXFileReference section */

/* Begin PBXFrameworksBuildPhase section */
		C9E6403F16528B7500A388C6 /* Frameworks */ = {
			isa = PBXFrameworksBuildPhase;
			buildActionMask = 2147483647;
			files = (
				C93AC1331665BD1F0065798B /* AssetsLibrary.framework in Frameworks */,
				C95BDD9B165E7F86005AEEFC /* MediaPlayer.framework in Frameworks */,
				C988961B165805250072EC6E /* AVFoundation.framework in Frameworks */,
				C98895E51657FCC70072EC6E /* QuartzCore.framework in Frameworks */,
				C98895E31657FCB90072EC6E /* OpenGLES.framework in Frameworks */,
				C98895E01657FC910072EC6E /* AudioToolbox.framework in Frameworks */,
				C98895E11657FC910072EC6E /* CoreAudio.framework in Frameworks */,
				C9E6419B1652AC9400A388C6 /* CoreLocation.framework in Frameworks */,
				C9E6404716528B7500A388C6 /* UIKit.framework in Frameworks */,
				C9E6404916528B7500A388C6 /* Foundation.framework in Frameworks */,
				C9E6404B16528B7500A388C6 /* CoreGraphics.framework in Frameworks */,
			);
			runOnlyForDeploymentPostprocessing = 0;
		};
/* End PBXFrameworksBuildPhase section */

/* Begin PBXGroup section */
		C92EF00D1662C98C00274FBB /* Sleep Sounds */ = {
			isa = PBXGroup;
			children = (
				C99DF1261662D0620085E55D /* Beach.wav */,
			);
			name = "Sleep Sounds";
			path = "Sounds/Sleep Sounds";
			sourceTree = "<group>";
		};
		C9349E12165A858D0058D6EB /* Clock Management */ = {
			isa = PBXGroup;
			children = (
				C9349E14165A85D40058D6EB /* ClockManager.h */,
				C9349E15165A85D40058D6EB /* ClockManager.m */,
			);
			name = "Clock Management";
			sourceTree = "<group>";
		};
		C95BDD92165DBF3D005AEEFC /* Repeat Selector */ = {
			isa = PBXGroup;
			children = (
				C95BDD93165DBFDA005AEEFC /* JARepeatTableViewController.h */,
				C95BDD94165DBFDA005AEEFC /* JARepeatTableViewController.m */,
			);
			name = "Repeat Selector";
			sourceTree = "<group>";
		};
		C98895BA1657EEB20072EC6E /* Sound Selector */ = {
			isa = PBXGroup;
			children = (
				C988961C1658056E0072EC6E /* VoiceRecordViewController.xib */,
				C9889617165804F20072EC6E /* VoiceRecordViewController.h */,
				C9889618165804F20072EC6E /* VoiceRecordViewController.m */,
				C98895B61657EEAE0072EC6E /* JASoundSelectorTableViewController.h */,
				C98895B71657EEAE0072EC6E /* JASoundSelectorTableViewController.m */,
			);
			name = "Sound Selector";
			sourceTree = "<group>";
		};
		C98895C31657F4770072EC6E /* Sounds */ = {
			isa = PBXGroup;
			children = (
				C92EF00D1662C98C00274FBB /* Sleep Sounds */,
				C92EEFFB1662A46800274FBB /* Techy_cut.wav */,
				C92EEFFC1662A46800274FBB /* Submarine_cut.wav */,
				C92EEFFD1662A46800274FBB /* Spaceship_cut.wav */,
				C92EEFFE1662A46800274FBB /* Siren_cut.wav */,
				C92EEFFF1662A46800274FBB /* School Bell_cut.wav */,
				C92EF0001662A46800274FBB /* Old School Clock_cut.wav */,
				C92EF0011662A46800274FBB /* Church Bell_cut.wav */,
				C92EF0021662A46800274FBB /* Burglar Alarm_cut.wav */,
				C92EF0031662A46800274FBB /* British Ambulance_cut.wav */,
				C92EEFF61662A34000274FBB /* Air Raid_cut.wav */,
				C92EEFF91662A36900274FBB /* Background__Alarm__cut.wav */,
				C98895C81657F4B10072EC6E /* soundsList.plist */,
			);
			name = Sounds;
			sourceTree = "<group>";
		};
		C9A0E4551654A4D0000BB045 /* Images */ = {
			isa = PBXGroup;
			children = (
				C93A02231666DAE800E1A273 /* playButton.png */,
				C93A02241666DAE800E1A273 /* stopButton.png */,
				C93A02251666DAE800E1A273 /* stopButton@2x.png */,
				C93A02261666DAE800E1A273 /* playButton@2x.png */,
				C9A0E4581654A4DA000BB045 /* AlarmClockIcon114.png */,
				C91F88421658493F004F0943 /* AlarmClockIcon3_114.png */,
				C91F88431658493F004F0943 /* AlarmClockIcon3_57.png */,
				C9A0E4571654A4DA000BB045 /* AlarmClockIcon57.png */,
				C92EEFEE16629D4B00274FBB /* alarmRowBG.png */,
				C92EEFEF16629D4B00274FBB /* alarmRowBG@2x.png */,
				C9A2BC00165F27E600F09634 /* beach.png */,
				C96BCE94166510AA0002450C /* beach@2x.png */,
				C95BDD8F165D711D005AEEFC /* BlackBG.png */,
				C96BCE92166510AA0002450C /* BlackBG@2x.png */,
				C9A2BC01165F27E600F09634 /* chalkboard.png */,
				C96BCE93166510AA0002450C /* chalkboard@2x.png */,
				C93AC1271665B1F70065798B /* plus.png */,
				C92EEFEA16629BF100274FBB /* rowBG.png */,
				C92EEFEB16629BF100274FBB /* rowBG@2x.png */,
			);
			name = Images;
			sourceTree = "<group>";
		};
		C9A2BBEF165F197100F09634 /* Display Settings */ = {
			isa = PBXGroup;
			children = (
				C9A2BBF7165F210F00F09634 /* Background Picker */,
				C91512AA166067D800295189 /* JAClockSettingsViewController.h */,
				C91512AB166067D800295189 /* JAClockSettingsViewController.m */,
				C91512AC166067D800295189 /* JAClockSettingsViewController.xib */,
			);
			name = "Display Settings";
			sourceTree = "<group>";
		};
		C9A2BBF7165F210F00F09634 /* Background Picker */ = {
			isa = PBXGroup;
			children = (
				C9A2BBF8165F235A00F09634 /* JABackgroundPickerViewController.h */,
				C9A2BBF9165F235A00F09634 /* JABackgroundPickerViewController.m */,
				C9A2BBFA165F235A00F09634 /* JABackgroundPickerViewController.xib */,
			);
			name = "Background Picker";
			sourceTree = "<group>";
		};
		C9A2BBFD165F267800F09634 /* Backgrounds */ = {
			isa = PBXGroup;
			children = (
				C9A2BBFE165F26A800F09634 /* backgroundsList.plist */,
			);
			name = Backgrounds;
			sourceTree = "<group>";
		};
		C9E6403716528B7500A388C6 = {
			isa = PBXGroup;
			children = (
				C93AC1321665BD1F0065798B /* AssetsLibrary.framework */,
				C9A0E45D1654A4EE000BB045 /* AlarmClockIcon114.png */,
				C9A0E45B1654A4E9000BB045 /* AlarmClockIcon57.png */,
				C9E6404C16528B7500A388C6 /* AlarmClock */,
				C9E6404516528B7500A388C6 /* Frameworks */,
				C9E6404316528B7500A388C6 /* Products */,
			);
			sourceTree = "<group>";
		};
		C9E6404316528B7500A388C6 /* Products */ = {
			isa = PBXGroup;
			children = (
				C9E6404216528B7500A388C6 /* AlarmClock.app */,
			);
			name = Products;
			sourceTree = "<group>";
		};
		C9E6404516528B7500A388C6 /* Frameworks */ = {
			isa = PBXGroup;
			children = (
				C95BDD9A165E7F85005AEEFC /* MediaPlayer.framework */,
				C988961A165805250072EC6E /* AVFoundation.framework */,
				C98895E41657FCC70072EC6E /* QuartzCore.framework */,
				C98895E21657FCB90072EC6E /* OpenGLES.framework */,
				C98895DE1657FC910072EC6E /* AudioToolbox.framework */,
				C98895DF1657FC910072EC6E /* CoreAudio.framework */,
				C9E6419A1652AC9400A388C6 /* CoreLocation.framework */,
				C9E6404616528B7500A388C6 /* UIKit.framework */,
				C9E6404816528B7500A388C6 /* Foundation.framework */,
				C9E6404A16528B7500A388C6 /* CoreGraphics.framework */,
			);
			name = Frameworks;
			sourceTree = "<group>";
		};
		C9E6404C16528B7500A388C6 /* AlarmClock */ = {
			isa = PBXGroup;
			children = (
				C9E6406916528B7C00A388C6 /* Classes */,
				C9A0E4551654A4D0000BB045 /* Images */,
				C98895C31657F4770072EC6E /* Sounds */,
				C9E6404D16528B7500A388C6 /* Supporting Files */,
			);
			path = AlarmClock;
			sourceTree = "<group>";
		};
		C9E6404D16528B7500A388C6 /* Supporting Files */ = {
			isa = PBXGroup;
			children = (
				C9A2BBFD165F267800F09634 /* Backgrounds */,
				C9E6404E16528B7500A388C6 /* AlarmClock-Info.plist */,
				C9E6404F16528B7500A388C6 /* InfoPlist.strings */,
				C9E6405216528B7500A388C6 /* main.m */,
				C9E6405416528B7500A388C6 /* AlarmClock-Prefix.pch */,
				C9E6405816528B7500A388C6 /* Default.png */,
				C9E6405A16528B7500A388C6 /* Default@2x.png */,
				C9E6405C16528B7500A388C6 /* Default-568h@2x.png */,
			);
			name = "Supporting Files";
			sourceTree = "<group>";
		};
		C9E6406916528B7C00A388C6 /* Classes */ = {
			isa = PBXGroup;
			children = (
				C9A2BBEF165F197100F09634 /* Display Settings */,
				C9349E12165A858D0058D6EB /* Clock Management */,
				C98895BA1657EEB20072EC6E /* Sound Selector */,
				C9E641991652A8AA00A388C6 /* Models */,
				C9E6419516529B6E00A388C6 /* AlarmSettings */,
				C9E6406A16528BFF00A388C6 /* Utilities */,
				C9E6405516528B7500A388C6 /* JAAppDelegate.h */,
				C9E6405616528B7500A388C6 /* JAAppDelegate.m */,
				C9E6405E16528B7500A388C6 /* JAViewController.h */,
				C9E6405F16528B7500A388C6 /* JAViewController.m */,
				C9E6406116528B7500A388C6 /* JAViewController.xib */,
				C928496F165331A500B4CF8E /* SwipeView.h */,
				C9284970165331A500B4CF8E /* SwipeView.m */,
			);
			name = Classes;
			sourceTree = "<group>";
		};
		C9E6406A16528BFF00A388C6 /* Utilities */ = {
			isa = PBXGroup;
			children = (
				C9E6418D1652966600A388C6 /* MKKit */,
				C9E6406B16528C2000A388C6 /* MKWeather */,
				C9A2BBF4165F19D500F09634 /* JASettings.h */,
				C9A2BBF5165F19D500F09634 /* JASettings.m */,
			);
			name = Utilities;
			sourceTree = "<group>";
		};
		C9E6406B16528C2000A388C6 /* MKWeather */ = {
			isa = PBXGroup;
			children = (
				C9E6406C16528C3300A388C6 /* MKWeatherErrorView.h */,
				C9E6406D16528C3300A388C6 /* MKWeatherErrorView.m */,
				C9E6406E16528C3300A388C6 /* MKWeatherLoadingView.h */,
				C9E6406F16528C3300A388C6 /* MKWeatherLoadingView.m */,
				C9E6407016528C3300A388C6 /* MKWeatherRequest.h */,
				C9E6407116528C3300A388C6 /* MKWeatherRequest.m */,
				C9E6407216528C3300A388C6 /* MKWeatherRequestDelegate.h */,
				C9E6407316528C3300A388C6 /* MKWeatherRequestErrorCodes.h */,
				C9E6407416528C3300A388C6 /* MKWeatherRequestKeys.h */,
			);
			name = MKWeather;
			sourceTree = "<group>";
		};
		C9E6418D1652966600A388C6 /* MKKit */ = {
			isa = PBXGroup;
			children = (
				C9E6418E1652966F00A388C6 /* MKClock.h */,
				C9E6418F1652966F00A388C6 /* MKClock.m */,
				C9E641901652966F00A388C6 /* MKObject.h */,
				C9E641911652966F00A388C6 /* MKObject.m */,
				C9E641941652969800A388C6 /* MKObjectDelegate.h */,
			);
			name = MKKit;
			sourceTree = "<group>";
		};
		C9E6419516529B6E00A388C6 /* AlarmSettings */ = {
			isa = PBXGroup;
			children = (
				C95BDD92165DBF3D005AEEFC /* Repeat Selector */,
				C9284990165341CD00B4CF8E /* JAAlarmListViewController.h */,
				C9284991165341CD00B4CF8E /* JAAlarmListViewController.m */,
				C92849931653422A00B4CF8E /* JAAlarmSettingsController.h */,
				C92849941653422A00B4CF8E /* JAAlarmSettingsController.m */,
			);
			name = AlarmSettings;
			sourceTree = "<group>";
		};
		C9E641991652A8AA00A388C6 /* Models */ = {
			isa = PBXGroup;
			children = (
				C928497216533B7700B4CF8E /* JAAlarm.h */,
				C928497316533B7700B4CF8E /* JAAlarm.m */,
				C98895CD1657F7950072EC6E /* JASound.h */,
				C98895CE1657F7950072EC6E /* JASound.m */,
			);
			name = Models;
			sourceTree = "<group>";
		};
/* End PBXGroup section */

/* Begin PBXNativeTarget section */
		C9E6404116528B7500A388C6 /* AlarmClock */ = {
			isa = PBXNativeTarget;
			buildConfigurationList = C9E6406616528B7500A388C6 /* Build configuration list for PBXNativeTarget "AlarmClock" */;
			buildPhases = (
				C9E6403E16528B7500A388C6 /* Sources */,
				C9E6403F16528B7500A388C6 /* Frameworks */,
				C9E6404016528B7500A388C6 /* Resources */,
			);
			buildRules = (
			);
			dependencies = (
			);
			name = AlarmClock;
			productName = AlarmClock;
			productReference = C9E6404216528B7500A388C6 /* AlarmClock.app */;
			productType = "com.apple.product-type.application";
		};
/* End PBXNativeTarget section */

/* Begin PBXProject section */
		C9E6403916528B7500A388C6 /* Project object */ = {
			isa = PBXProject;
			attributes = {
				CLASSPREFIX = JA;
				LastUpgradeCheck = 0450;
				ORGANIZATIONNAME = JA;
			};
			buildConfigurationList = C9E6403C16528B7500A388C6 /* Build configuration list for PBXProject "AlarmClock" */;
			compatibilityVersion = "Xcode 3.2";
			developmentRegion = English;
			hasScannedForEncodings = 0;
			knownRegions = (
				en,
			);
			mainGroup = C9E6403716528B7500A388C6;
			productRefGroup = C9E6404316528B7500A388C6 /* Products */;
			projectDirPath = "";
			projectRoot = "";
			targets = (
				C9E6404116528B7500A388C6 /* AlarmClock */,
			);
		};
/* End PBXProject section */

/* Begin PBXResourcesBuildPhase section */
		C9E6404016528B7500A388C6 /* Resources */ = {
			isa = PBXResourcesBuildPhase;
			buildActionMask = 2147483647;
			files = (
				C9E6405116528B7500A388C6 /* InfoPlist.strings in Resources */,
				C9E6405916528B7500A388C6 /* Default.png in Resources */,
				C9E6405B16528B7500A388C6 /* Default@2x.png in Resources */,
				C9E6405D16528B7500A388C6 /* Default-568h@2x.png in Resources */,
				C9E6406316528B7500A388C6 /* JAViewController.xib in Resources */,
				C9A0E4591654A4DA000BB045 /* AlarmClockIcon57.png in Resources */,
				C9A0E45A1654A4DA000BB045 /* AlarmClockIcon114.png in Resources */,
				C9A0E45C1654A4E9000BB045 /* AlarmClockIcon57.png in Resources */,
				C9A0E45E1654A4EE000BB045 /* AlarmClockIcon114.png in Resources */,
				C98895CC1657F4B10072EC6E /* soundsList.plist in Resources */,
				C988961D1658056E0072EC6E /* VoiceRecordViewController.xib in Resources */,
				C91F88441658493F004F0943 /* AlarmClockIcon3_114.png in Resources */,
				C91F88451658493F004F0943 /* AlarmClockIcon3_57.png in Resources */,
				C95BDD90165D711D005AEEFC /* BlackBG.png in Resources */,
				C9A2BBFC165F235A00F09634 /* JABackgroundPickerViewController.xib in Resources */,
				C9A2BBFF165F26A800F09634 /* backgroundsList.plist in Resources */,
				C9A2BC02165F27E600F09634 /* beach.png in Resources */,
				C9A2BC03165F27E600F09634 /* chalkboard.png in Resources */,
				C91512AE166067D800295189 /* JAClockSettingsViewController.xib in Resources */,
				C92EEFEC16629BF100274FBB /* rowBG.png in Resources */,
				C92EEFED16629BF100274FBB /* rowBG@2x.png in Resources */,
				C92EEFF016629D4B00274FBB /* alarmRowBG.png in Resources */,
				C92EEFF116629D4B00274FBB /* alarmRowBG@2x.png in Resources */,
				C92EEFF71662A34000274FBB /* Air Raid_cut.wav in Resources */,
				C92EEFFA1662A36900274FBB /* Background__Alarm__cut.wav in Resources */,
				C92EF0041662A46800274FBB /* Techy_cut.wav in Resources */,
				C92EF0051662A46800274FBB /* Submarine_cut.wav in Resources */,
				C92EF0061662A46800274FBB /* Spaceship_cut.wav in Resources */,
				C92EF0071662A46800274FBB /* Siren_cut.wav in Resources */,
				C92EF0081662A46800274FBB /* School Bell_cut.wav in Resources */,
				C92EF0091662A46800274FBB /* Old School Clock_cut.wav in Resources */,
				C92EF00A1662A46800274FBB /* Church Bell_cut.wav in Resources */,
				C92EF00B1662A46800274FBB /* Burglar Alarm_cut.wav in Resources */,
				C92EF00C1662A46800274FBB /* British Ambulance_cut.wav in Resources */,
				C99DF1311662D0620085E55D /* Beach.wav in Resources */,
				C96BCE95166510AA0002450C /* BlackBG@2x.png in Resources */,
				C96BCE96166510AA0002450C /* chalkboard@2x.png in Resources */,
				C96BCE97166510AA0002450C /* beach@2x.png in Resources */,
				C93AC1281665B1F70065798B /* plus.png in Resources */,
				C93A02271666DAE800E1A273 /* playButton.png in Resources */,
				C93A02281666DAE800E1A273 /* stopButton.png in Resources */,
				C93A02291666DAE800E1A273 /* stopButton@2x.png in Resources */,
				C93A022A1666DAE800E1A273 /* playButton@2x.png in Resources */,
			);
			runOnlyForDeploymentPostprocessing = 0;
		};
/* End PBXResourcesBuildPhase section */

/* Begin PBXSourcesBuildPhase section */
		C9E6403E16528B7500A388C6 /* Sources */ = {
			isa = PBXSourcesBuildPhase;
			buildActionMask = 2147483647;
			files = (
				C9E6405316528B7500A388C6 /* main.m in Sources */,
				C9E6405716528B7500A388C6 /* JAAppDelegate.m in Sources */,
				C9E6406016528B7500A388C6 /* JAViewController.m in Sources */,
				C9E6407516528C3300A388C6 /* MKWeatherErrorView.m in Sources */,
				C9E6407616528C3300A388C6 /* MKWeatherLoadingView.m in Sources */,
				C9E6407716528C3300A388C6 /* MKWeatherRequest.m in Sources */,
				C9E641921652966F00A388C6 /* MKClock.m in Sources */,
				C9E641931652966F00A388C6 /* MKObject.m in Sources */,
				C9284971165331A500B4CF8E /* SwipeView.m in Sources */,
				C928497416533B7700B4CF8E /* JAAlarm.m in Sources */,
				C9284992165341CD00B4CF8E /* JAAlarmListViewController.m in Sources */,
				C92849961653422A00B4CF8E /* JAAlarmSettingsController.m in Sources */,
				C98895B81657EEAE0072EC6E /* JASoundSelectorTableViewController.m in Sources */,
				C98895CF1657F7950072EC6E /* JASound.m in Sources */,
				C9889619165804F20072EC6E /* VoiceRecordViewController.m in Sources */,
				C9349E16165A85D40058D6EB /* ClockManager.m in Sources */,
				C95BDD95165DBFDA005AEEFC /* JARepeatTableViewController.m in Sources */,
				C9A2BBF6165F19D500F09634 /* JASettings.m in Sources */,
				C9A2BBFB165F235A00F09634 /* JABackgroundPickerViewController.m in Sources */,
				C91512AD166067D800295189 /* JAClockSettingsViewController.m in Sources */,
			);
			runOnlyForDeploymentPostprocessing = 0;
		};
/* End PBXSourcesBuildPhase section */

/* Begin PBXVariantGroup section */
		C9E6404F16528B7500A388C6 /* InfoPlist.strings */ = {
			isa = PBXVariantGroup;
			children = (
				C9E6405016528B7500A388C6 /* en */,
			);
			name = InfoPlist.strings;
			sourceTree = "<group>";
		};
		C9E6406116528B7500A388C6 /* JAViewController.xib */ = {
			isa = PBXVariantGroup;
			children = (
				C9E6406216528B7500A388C6 /* en */,
			);
			name = JAViewController.xib;
			sourceTree = "<group>";
		};
/* End PBXVariantGroup section */

/* Begin XCBuildConfiguration section */
		C9E6406416528B7500A388C6 /* Debug */ = {
			isa = XCBuildConfiguration;
			buildSettings = {
				ALWAYS_SEARCH_USER_PATHS = NO;
				CLANG_CXX_LANGUAGE_STANDARD = "gnu++0x";
				CLANG_CXX_LIBRARY = "libc++";
				CLANG_ENABLE_OBJC_ARC = YES;
				CLANG_WARN_EMPTY_BODY = YES;
				CLANG_WARN__DUPLICATE_METHOD_MATCH = YES;
				"CODE_SIGN_IDENTITY[sdk=iphoneos*]" = "iPhone Developer";
				COPY_PHASE_STRIP = NO;
				GCC_C_LANGUAGE_STANDARD = c99;
				GCC_DYNAMIC_NO_PIC = NO;
				GCC_OPTIMIZATION_LEVEL = 0;
				GCC_PREPROCESSOR_DEFINITIONS = (
					"DEBUG=1",
					"$(inherited)",
				);
				GCC_SYMBOLS_PRIVATE_EXTERN = YES;
				GCC_WARN_ABOUT_RETURN_TYPE = YES;
				GCC_WARN_UNINITIALIZED_AUTOS = YES;
				GCC_WARN_UNUSED_VARIABLE = YES;
				IPHONEOS_DEPLOYMENT_TARGET = 5.0;
				ONLY_ACTIVE_ARCH = YES;
				SDKROOT = iphoneos;
			};
			name = Debug;
		};
		C9E6406516528B7500A388C6 /* Release */ = {
			isa = XCBuildConfiguration;
			buildSettings = {
				ALWAYS_SEARCH_USER_PATHS = NO;
				CLANG_CXX_LANGUAGE_STANDARD = "gnu++0x";
				CLANG_CXX_LIBRARY = "libc++";
				CLANG_ENABLE_OBJC_ARC = YES;
				CLANG_WARN_EMPTY_BODY = YES;
				CLANG_WARN__DUPLICATE_METHOD_MATCH = YES;
				"CODE_SIGN_IDENTITY[sdk=iphoneos*]" = "iPhone Distribution: Brooke Ginty";
				COPY_PHASE_STRIP = YES;
				GCC_C_LANGUAGE_STANDARD = c99;
				GCC_SYMBOLS_PRIVATE_EXTERN = YES;
				GCC_WARN_ABOUT_RETURN_TYPE = YES;
				GCC_WARN_UNINITIALIZED_AUTOS = YES;
				GCC_WARN_UNUSED_VARIABLE = YES;
				IPHONEOS_DEPLOYMENT_TARGET = 5.0;
				OTHER_CFLAGS = "-DNS_BLOCK_ASSERTIONS=1";
				"PROVISIONING_PROFILE[sdk=iphoneos*]" = "DF974808-475A-41FA-BEAD-D768CD1CAA48";
				SDKROOT = iphoneos;
				VALIDATE_PRODUCT = YES;
			};
			name = Release;
		};
		C9E6406716528B7500A388C6 /* Debug */ = {
			isa = XCBuildConfiguration;
			buildSettings = {
				GCC_PRECOMPILE_PREFIX_HEADER = YES;
				GCC_PREFIX_HEADER = "AlarmClock/AlarmClock-Prefix.pch";
				INFOPLIST_FILE = "AlarmClock/AlarmClock-Info.plist";
				PRODUCT_NAME = "$(TARGET_NAME)";
				WRAPPER_EXTENSION = app;
			};
			name = Debug;
		};
		C9E6406816528B7500A388C6 /* Release */ = {
			isa = XCBuildConfiguration;
			buildSettings = {
				GCC_PRECOMPILE_PREFIX_HEADER = YES;
				GCC_PREFIX_HEADER = "AlarmClock/AlarmClock-Prefix.pch";
				INFOPLIST_FILE = "AlarmClock/AlarmClock-Info.plist";
				PRODUCT_NAME = "$(TARGET_NAME)";
				WRAPPER_EXTENSION = app;
			};
			name = Release;
		};
/* End XCBuildConfiguration section */

/* Begin XCConfigurationList section */
		C9E6403C16528B7500A388C6 /* Build configuration list for PBXProject "AlarmClock" */ = {
			isa = XCConfigurationList;
			buildConfigurations = (
				C9E6406416528B7500A388C6 /* Debug */,
				C9E6406516528B7500A388C6 /* Release */,
			);
			defaultConfigurationIsVisible = 0;
			defaultConfigurationName = Release;
		};
		C9E6406616528B7500A388C6 /* Build configuration list for PBXNativeTarget "AlarmClock" */ = {
			isa = XCConfigurationList;
			buildConfigurations = (
				C9E6406716528B7500A388C6 /* Debug */,
				C9E6406816528B7500A388C6 /* Release */,
			);
			defaultConfigurationIsVisible = 0;
			defaultConfigurationName = Release;
		};
/* End XCConfigurationList section */
	};
	rootObject = C9E6403916528B7500A388C6 /* Project object */;
}
